// !$*UTF8*$!
{
	archiveVersion = 1;
	classes = {
	};
	objectVersion = 50;
	objects = {

/* Begin PBXBuildFile section */
		14300C8220EF505900D75546 /* MobileListViewController.swift in Sources */ = {isa = PBXBuildFile; fileRef = 14300C8120EF505900D75546 /* MobileListViewController.swift */; };
		14300C8420EF509500D75546 /* FavoriteListViewController.swift in Sources */ = {isa = PBXBuildFile; fileRef = 14300C8320EF509500D75546 /* FavoriteListViewController.swift */; };
		14300C8820EF5CF600D75546 /* MobileCell.xib in Resources */ = {isa = PBXBuildFile; fileRef = 14300C8720EF5CF600D75546 /* MobileCell.xib */; };
		14300C8B20EF643100D75546 /* MobileCell.swift in Sources */ = {isa = PBXBuildFile; fileRef = 14300C8A20EF643100D75546 /* MobileCell.swift */; };
		14300C8E20EF6B9F00D75546 /* MobileListViewModel.swift in Sources */ = {isa = PBXBuildFile; fileRef = 14300C8D20EF6B9F00D75546 /* MobileListViewModel.swift */; };
		14300C9020EF753500D75546 /* FavoriteListViewModel.swift in Sources */ = {isa = PBXBuildFile; fileRef = 14300C8F20EF753500D75546 /* FavoriteListViewModel.swift */; };
		14300C9420F0C6D100D75546 /* MobileDetailViewController.swift in Sources */ = {isa = PBXBuildFile; fileRef = 14300C9320F0C6D100D75546 /* MobileDetailViewController.swift */; };
		14300C9620F0CC2100D75546 /* MobileDetailViewModel.swift in Sources */ = {isa = PBXBuildFile; fileRef = 14300C9520F0CC2100D75546 /* MobileDetailViewModel.swift */; };
		14300C9820F1027800D75546 /* AlertController.swift in Sources */ = {isa = PBXBuildFile; fileRef = 14300C9720F1027800D75546 /* AlertController.swift */; };
		143BE20720EE5E2100D0A8FD /* MobilePhone.swift in Sources */ = {isa = PBXBuildFile; fileRef = 143BE20620EE5E2100D0A8FD /* MobilePhone.swift */; };
		143BE20A20EE610900D0A8FD /* MainViewController.swift in Sources */ = {isa = PBXBuildFile; fileRef = 143BE20920EE610900D0A8FD /* MainViewController.swift */; };
		143BE20D20EE612D00D0A8FD /* MainViewModel.swift in Sources */ = {isa = PBXBuildFile; fileRef = 143BE20C20EE612D00D0A8FD /* MainViewModel.swift */; };
		143BE21420EE623300D0A8FD /* ConnectionController.swift in Sources */ = {isa = PBXBuildFile; fileRef = 143BE21320EE623300D0A8FD /* ConnectionController.swift */; };
		143BE21820EE65C300D0A8FD /* Properties.swift in Sources */ = {isa = PBXBuildFile; fileRef = 143BE21720EE65C300D0A8FD /* Properties.swift */; };
		1478361420EE2D83000FF63D /* AppDelegate.swift in Sources */ = {isa = PBXBuildFile; fileRef = 1478361320EE2D83000FF63D /* AppDelegate.swift */; };
		1478361920EE2D83000FF63D /* Main.storyboard in Resources */ = {isa = PBXBuildFile; fileRef = 1478361720EE2D83000FF63D /* Main.storyboard */; };
		1478361C20EE2D83000FF63D /* Mobile_buyer_guide.xcdatamodeld in Sources */ = {isa = PBXBuildFile; fileRef = 1478361A20EE2D83000FF63D /* Mobile_buyer_guide.xcdatamodeld */; };
		1478361E20EE2D84000FF63D /* Assets.xcassets in Resources */ = {isa = PBXBuildFile; fileRef = 1478361D20EE2D84000FF63D /* Assets.xcassets */; };
		1478362120EE2D84000FF63D /* LaunchScreen.storyboard in Resources */ = {isa = PBXBuildFile; fileRef = 1478361F20EE2D84000FF63D /* LaunchScreen.storyboard */; };
		1478362C20EE2D84000FF63D /* Mobile_buyer_guideTests.swift in Sources */ = {isa = PBXBuildFile; fileRef = 1478362B20EE2D84000FF63D /* Mobile_buyer_guideTests.swift */; };
		1478363720EE2D84000FF63D /* Mobile_buyer_guideUITests.swift in Sources */ = {isa = PBXBuildFile; fileRef = 1478363620EE2D84000FF63D /* Mobile_buyer_guideUITests.swift */; };
		EBE7246EE31EC93AF1449EB6 /* Pods_Mobile_buyer_guide.framework in Frameworks */ = {isa = PBXBuildFile; fileRef = 3B8D1477B8FABD6AD4481B6E /* Pods_Mobile_buyer_guide.framework */; };
/* End PBXBuildFile section */

/* Begin PBXContainerItemProxy section */
		1478362820EE2D84000FF63D /* PBXContainerItemProxy */ = {
			isa = PBXContainerItemProxy;
			containerPortal = 1478360820EE2D83000FF63D /* Project object */;
			proxyType = 1;
			remoteGlobalIDString = 1478360F20EE2D83000FF63D;
			remoteInfo = "Mobile-buyer-guide";
		};
		1478363320EE2D84000FF63D /* PBXContainerItemProxy */ = {
			isa = PBXContainerItemProxy;
			containerPortal = 1478360820EE2D83000FF63D /* Project object */;
			proxyType = 1;
			remoteGlobalIDString = 1478360F20EE2D83000FF63D;
			remoteInfo = "Mobile-buyer-guide";
		};
/* End PBXContainerItemProxy section */

/* Begin PBXFileReference section */
		14300C8120EF505900D75546 /* MobileListViewController.swift */ = {isa = PBXFileReference; lastKnownFileType = sourcecode.swift; path = MobileListViewController.swift; sourceTree = "<group>"; };
		14300C8320EF509500D75546 /* FavoriteListViewController.swift */ = {isa = PBXFileReference; lastKnownFileType = sourcecode.swift; path = FavoriteListViewController.swift; sourceTree = "<group>"; };
		14300C8720EF5CF600D75546 /* MobileCell.xib */ = {isa = PBXFileReference; lastKnownFileType = file.xib; path = MobileCell.xib; sourceTree = "<group>"; };
		14300C8A20EF643100D75546 /* MobileCell.swift */ = {isa = PBXFileReference; lastKnownFileType = sourcecode.swift; path = MobileCell.swift; sourceTree = "<group>"; };
		14300C8D20EF6B9F00D75546 /* MobileListViewModel.swift */ = {isa = PBXFileReference; lastKnownFileType = sourcecode.swift; path = MobileListViewModel.swift; sourceTree = "<group>"; };
		14300C8F20EF753500D75546 /* FavoriteListViewModel.swift */ = {isa = PBXFileReference; lastKnownFileType = sourcecode.swift; path = FavoriteListViewModel.swift; sourceTree = "<group>"; };
		14300C9320F0C6D100D75546 /* MobileDetailViewController.swift */ = {isa = PBXFileReference; lastKnownFileType = sourcecode.swift; path = MobileDetailViewController.swift; sourceTree = "<group>"; };
		14300C9520F0CC2100D75546 /* MobileDetailViewModel.swift */ = {isa = PBXFileReference; lastKnownFileType = sourcecode.swift; path = MobileDetailViewModel.swift; sourceTree = "<group>"; };
		14300C9720F1027800D75546 /* AlertController.swift */ = {isa = PBXFileReference; lastKnownFileType = sourcecode.swift; path = AlertController.swift; sourceTree = "<group>"; };
		143BE20620EE5E2100D0A8FD /* MobilePhone.swift */ = {isa = PBXFileReference; lastKnownFileType = sourcecode.swift; path = MobilePhone.swift; sourceTree = "<group>"; };
		143BE20920EE610900D0A8FD /* MainViewController.swift */ = {isa = PBXFileReference; lastKnownFileType = sourcecode.swift; path = MainViewController.swift; sourceTree = "<group>"; };
		143BE20C20EE612D00D0A8FD /* MainViewModel.swift */ = {isa = PBXFileReference; lastKnownFileType = sourcecode.swift; path = MainViewModel.swift; sourceTree = "<group>"; };
		143BE21320EE623300D0A8FD /* ConnectionController.swift */ = {isa = PBXFileReference; lastKnownFileType = sourcecode.swift; path = ConnectionController.swift; sourceTree = "<group>"; };
		143BE21720EE65C300D0A8FD /* Properties.swift */ = {isa = PBXFileReference; lastKnownFileType = sourcecode.swift; path = Properties.swift; sourceTree = "<group>"; };
		1478361020EE2D83000FF63D /* Mobile-buyer-guide.app */ = {isa = PBXFileReference; explicitFileType = wrapper.application; includeInIndex = 0; path = "Mobile-buyer-guide.app"; sourceTree = BUILT_PRODUCTS_DIR; };
		1478361320EE2D83000FF63D /* AppDelegate.swift */ = {isa = PBXFileReference; lastKnownFileType = sourcecode.swift; path = AppDelegate.swift; sourceTree = "<group>"; };
		1478361820EE2D83000FF63D /* Base */ = {isa = PBXFileReference; lastKnownFileType = file.storyboard; name = Base; path = Base.lproj/Main.storyboard; sourceTree = "<group>"; };
		1478361B20EE2D83000FF63D /* Mobile_buyer_guide.xcdatamodel */ = {isa = PBXFileReference; lastKnownFileType = wrapper.xcdatamodel; path = Mobile_buyer_guide.xcdatamodel; sourceTree = "<group>"; };
		1478361D20EE2D84000FF63D /* Assets.xcassets */ = {isa = PBXFileReference; lastKnownFileType = folder.assetcatalog; path = Assets.xcassets; sourceTree = "<group>"; };
		1478362020EE2D84000FF63D /* Base */ = {isa = PBXFileReference; lastKnownFileType = file.storyboard; name = Base; path = Base.lproj/LaunchScreen.storyboard; sourceTree = "<group>"; };
		1478362220EE2D84000FF63D /* Info.plist */ = {isa = PBXFileReference; lastKnownFileType = text.plist.xml; path = Info.plist; sourceTree = "<group>"; };
		1478362720EE2D84000FF63D /* Mobile-buyer-guideTests.xctest */ = {isa = PBXFileReference; explicitFileType = wrapper.cfbundle; includeInIndex = 0; path = "Mobile-buyer-guideTests.xctest"; sourceTree = BUILT_PRODUCTS_DIR; };
		1478362B20EE2D84000FF63D /* Mobile_buyer_guideTests.swift */ = {isa = PBXFileReference; lastKnownFileType = sourcecode.swift; path = Mobile_buyer_guideTests.swift; sourceTree = "<group>"; };
		1478362D20EE2D84000FF63D /* Info.plist */ = {isa = PBXFileReference; lastKnownFileType = text.plist.xml; path = Info.plist; sourceTree = "<group>"; };
		1478363220EE2D84000FF63D /* Mobile-buyer-guideUITests.xctest */ = {isa = PBXFileReference; explicitFileType = wrapper.cfbundle; includeInIndex = 0; path = "Mobile-buyer-guideUITests.xctest"; sourceTree = BUILT_PRODUCTS_DIR; };
		1478363620EE2D84000FF63D /* Mobile_buyer_guideUITests.swift */ = {isa = PBXFileReference; lastKnownFileType = sourcecode.swift; path = Mobile_buyer_guideUITests.swift; sourceTree = "<group>"; };
		1478363820EE2D84000FF63D /* Info.plist */ = {isa = PBXFileReference; lastKnownFileType = text.plist.xml; path = Info.plist; sourceTree = "<group>"; };
		3B8D1477B8FABD6AD4481B6E /* Pods_Mobile_buyer_guide.framework */ = {isa = PBXFileReference; explicitFileType = wrapper.framework; includeInIndex = 0; path = Pods_Mobile_buyer_guide.framework; sourceTree = BUILT_PRODUCTS_DIR; };
		546A1D35ADBA98321C14FAF3 /* Pods-Mobile-buyer-guide.release.xcconfig */ = {isa = PBXFileReference; includeInIndex = 1; lastKnownFileType = text.xcconfig; name = "Pods-Mobile-buyer-guide.release.xcconfig"; path = "Pods/Target Support Files/Pods-Mobile-buyer-guide/Pods-Mobile-buyer-guide.release.xcconfig"; sourceTree = "<group>"; };
		87E51E21C23322BCB95F0F0C /* Pods-Mobile-buyer-guide.debug.xcconfig */ = {isa = PBXFileReference; includeInIndex = 1; lastKnownFileType = text.xcconfig; name = "Pods-Mobile-buyer-guide.debug.xcconfig"; path = "Pods/Target Support Files/Pods-Mobile-buyer-guide/Pods-Mobile-buyer-guide.debug.xcconfig"; sourceTree = "<group>"; };
/* End PBXFileReference section */

/* Begin PBXFrameworksBuildPhase section */
		1478360D20EE2D83000FF63D /* Frameworks */ = {
			isa = PBXFrameworksBuildPhase;
			buildActionMask = 2147483647;
			files = (
				EBE7246EE31EC93AF1449EB6 /* Pods_Mobile_buyer_guide.framework in Frameworks */,
			);
			runOnlyForDeploymentPostprocessing = 0;
		};
		1478362420EE2D84000FF63D /* Frameworks */ = {
			isa = PBXFrameworksBuildPhase;
			buildActionMask = 2147483647;
			files = (
			);
			runOnlyForDeploymentPostprocessing = 0;
		};
		1478362F20EE2D84000FF63D /* Frameworks */ = {
			isa = PBXFrameworksBuildPhase;
			buildActionMask = 2147483647;
			files = (
			);
			runOnlyForDeploymentPostprocessing = 0;
		};
/* End PBXFrameworksBuildPhase section */

/* Begin PBXGroup section */
		143BE20520EE5E0500D0A8FD /* Model */ = {
			isa = PBXGroup;
			children = (
			);
			path = Model;
			sourceTree = "<group>";
		};
		143BE20820EE60EA00D0A8FD /* ViewController */ = {
			isa = PBXGroup;
			children = (
				143BE20920EE610900D0A8FD /* MainViewController.swift */,
				14300C8120EF505900D75546 /* MobileListViewController.swift */,
				14300C8320EF509500D75546 /* FavoriteListViewController.swift */,
				14300C8A20EF643100D75546 /* MobileCell.swift */,
				14300C9320F0C6D100D75546 /* MobileDetailViewController.swift */,
			);
			path = ViewController;
			sourceTree = "<group>";
		};
		143BE20B20EE612000D0A8FD /* ViewModel */ = {
			isa = PBXGroup;
			children = (
				143BE20C20EE612D00D0A8FD /* MainViewModel.swift */,
				14300C8D20EF6B9F00D75546 /* MobileListViewModel.swift */,
				14300C8F20EF753500D75546 /* FavoriteListViewModel.swift */,
				14300C9520F0CC2100D75546 /* MobileDetailViewModel.swift */,
			);
			path = ViewModel;
			sourceTree = "<group>";
		};
		143BE21220EE622600D0A8FD /* Controller */ = {
			isa = PBXGroup;
			children = (
				143BE21320EE623300D0A8FD /* ConnectionController.swift */,
				14300C9720F1027800D75546 /* AlertController.swift */,
			);
			path = Controller;
			sourceTree = "<group>";
		};
		1478360720EE2D83000FF63D = {
			isa = PBXGroup;
			children = (
				1478361220EE2D83000FF63D /* Mobile-buyer-guide */,
				1478362A20EE2D84000FF63D /* Mobile-buyer-guideTests */,
				1478363520EE2D84000FF63D /* Mobile-buyer-guideUITests */,
				1478361120EE2D83000FF63D /* Products */,
				80E688DFA51B5CB6694D74BF /* Pods */,
				AF6A3A514A0BA474143B0CFE /* Frameworks */,
			);
			sourceTree = "<group>";
		};
		1478361120EE2D83000FF63D /* Products */ = {
			isa = PBXGroup;
			children = (
				1478361020EE2D83000FF63D /* Mobile-buyer-guide.app */,
				1478362720EE2D84000FF63D /* Mobile-buyer-guideTests.xctest */,
				1478363220EE2D84000FF63D /* Mobile-buyer-guideUITests.xctest */,
			);
			name = Products;
			sourceTree = "<group>";
		};
		1478361220EE2D83000FF63D /* Mobile-buyer-guide */ = {
			isa = PBXGroup;
			children = (
				14E97A0E20EF4DC2006222BA /* Data Object */,
				143BE21220EE622600D0A8FD /* Controller */,
				143BE20520EE5E0500D0A8FD /* Model */,
				143BE20820EE60EA00D0A8FD /* ViewController */,
				143BE20B20EE612000D0A8FD /* ViewModel */,
				1478361320EE2D83000FF63D /* AppDelegate.swift */,
				143BE21720EE65C300D0A8FD /* Properties.swift */,
				1478361720EE2D83000FF63D /* Main.storyboard */,
				1478361D20EE2D84000FF63D /* Assets.xcassets */,
				1478361F20EE2D84000FF63D /* LaunchScreen.storyboard */,
				1478362220EE2D84000FF63D /* Info.plist */,
				1478361A20EE2D83000FF63D /* Mobile_buyer_guide.xcdatamodeld */,
				14300C8720EF5CF600D75546 /* MobileCell.xib */,
			);
			path = "Mobile-buyer-guide";
			sourceTree = "<group>";
		};
		1478362A20EE2D84000FF63D /* Mobile-buyer-guideTests */ = {
			isa = PBXGroup;
			children = (
				1478362B20EE2D84000FF63D /* Mobile_buyer_guideTests.swift */,
				1478362D20EE2D84000FF63D /* Info.plist */,
			);
			path = "Mobile-buyer-guideTests";
			sourceTree = "<group>";
		};
		1478363520EE2D84000FF63D /* Mobile-buyer-guideUITests */ = {
			isa = PBXGroup;
			children = (
				1478363620EE2D84000FF63D /* Mobile_buyer_guideUITests.swift */,
				1478363820EE2D84000FF63D /* Info.plist */,
			);
			path = "Mobile-buyer-guideUITests";
			sourceTree = "<group>";
		};
		14E97A0E20EF4DC2006222BA /* Data Object */ = {
			isa = PBXGroup;
			children = (
				143BE20620EE5E2100D0A8FD /* MobilePhone.swift */,
			);
			path = "Data Object";
			sourceTree = "<group>";
		};
		80E688DFA51B5CB6694D74BF /* Pods */ = {
			isa = PBXGroup;
			children = (
				87E51E21C23322BCB95F0F0C /* Pods-Mobile-buyer-guide.debug.xcconfig */,
				546A1D35ADBA98321C14FAF3 /* Pods-Mobile-buyer-guide.release.xcconfig */,
			);
			name = Pods;
			sourceTree = "<group>";
		};
		AF6A3A514A0BA474143B0CFE /* Frameworks */ = {
			isa = PBXGroup;
			children = (
				3B8D1477B8FABD6AD4481B6E /* Pods_Mobile_buyer_guide.framework */,
			);
			name = Frameworks;
			sourceTree = "<group>";
		};
/* End PBXGroup section */

/* Begin PBXNativeTarget section */
		1478360F20EE2D83000FF63D /* Mobile-buyer-guide */ = {
			isa = PBXNativeTarget;
			buildConfigurationList = 1478363B20EE2D84000FF63D /* Build configuration list for PBXNativeTarget "Mobile-buyer-guide" */;
			buildPhases = (
				5B3AF302C2C4EC16E94B6017 /* [CP] Check Pods Manifest.lock */,
				1478360C20EE2D83000FF63D /* Sources */,
				1478360D20EE2D83000FF63D /* Frameworks */,
				1478360E20EE2D83000FF63D /* Resources */,
				8766B99BCE5B7F794BB26CBA /* [CP] Embed Pods Frameworks */,
			);
			buildRules = (
			);
			dependencies = (
			);
			name = "Mobile-buyer-guide";
			productName = "Mobile-buyer-guide";
			productReference = 1478361020EE2D83000FF63D /* Mobile-buyer-guide.app */;
			productType = "com.apple.product-type.application";
		};
		1478362620EE2D84000FF63D /* Mobile-buyer-guideTests */ = {
			isa = PBXNativeTarget;
			buildConfigurationList = 1478363E20EE2D84000FF63D /* Build configuration list for PBXNativeTarget "Mobile-buyer-guideTests" */;
			buildPhases = (
				1478362320EE2D84000FF63D /* Sources */,
				1478362420EE2D84000FF63D /* Frameworks */,
				1478362520EE2D84000FF63D /* Resources */,
			);
			buildRules = (
			);
			dependencies = (
				1478362920EE2D84000FF63D /* PBXTargetDependency */,
			);
			name = "Mobile-buyer-guideTests";
			productName = "Mobile-buyer-guideTests";
			productReference = 1478362720EE2D84000FF63D /* Mobile-buyer-guideTests.xctest */;
			productType = "com.apple.product-type.bundle.unit-test";
		};
		1478363120EE2D84000FF63D /* Mobile-buyer-guideUITests */ = {
			isa = PBXNativeTarget;
			buildConfigurationList = 1478364120EE2D84000FF63D /* Build configuration list for PBXNativeTarget "Mobile-buyer-guideUITests" */;
			buildPhases = (
				1478362E20EE2D84000FF63D /* Sources */,
				1478362F20EE2D84000FF63D /* Frameworks */,
				1478363020EE2D84000FF63D /* Resources */,
			);
			buildRules = (
			);
			dependencies = (
				1478363420EE2D84000FF63D /* PBXTargetDependency */,
			);
			name = "Mobile-buyer-guideUITests";
			productName = "Mobile-buyer-guideUITests";
			productReference = 1478363220EE2D84000FF63D /* Mobile-buyer-guideUITests.xctest */;
			productType = "com.apple.product-type.bundle.ui-testing";
		};
/* End PBXNativeTarget section */

/* Begin PBXProject section */
		1478360820EE2D83000FF63D /* Project object */ = {
			isa = PBXProject;
			attributes = {
				LastSwiftUpdateCheck = 0930;
				LastUpgradeCheck = 0930;
				ORGANIZATIONNAME = real0x0000;
				TargetAttributes = {
					1478360F20EE2D83000FF63D = {
						CreatedOnToolsVersion = 9.3;
					};
					1478362620EE2D84000FF63D = {
						CreatedOnToolsVersion = 9.3;
						TestTargetID = 1478360F20EE2D83000FF63D;
					};
					1478363120EE2D84000FF63D = {
						CreatedOnToolsVersion = 9.3;
						TestTargetID = 1478360F20EE2D83000FF63D;
					};
				};
			};
			buildConfigurationList = 1478360B20EE2D83000FF63D /* Build configuration list for PBXProject "Mobile-buyer-guide" */;
			compatibilityVersion = "Xcode 9.3";
			developmentRegion = en;
			hasScannedForEncodings = 0;
			knownRegions = (
				en,
				Base,
			);
			mainGroup = 1478360720EE2D83000FF63D;
			productRefGroup = 1478361120EE2D83000FF63D /* Products */;
			projectDirPath = "";
			projectRoot = "";
			targets = (
				1478360F20EE2D83000FF63D /* Mobile-buyer-guide */,
				1478362620EE2D84000FF63D /* Mobile-buyer-guideTests */,
				1478363120EE2D84000FF63D /* Mobile-buyer-guideUITests */,
			);
		};
/* End PBXProject section */

/* Begin PBXResourcesBuildPhase section */
		1478360E20EE2D83000FF63D /* Resources */ = {
			isa = PBXResourcesBuildPhase;
			buildActionMask = 2147483647;
			files = (
				1478362120EE2D84000FF63D /* LaunchScreen.storyboard in Resources */,
				1478361E20EE2D84000FF63D /* Assets.xcassets in Resources */,
				1478361920EE2D83000FF63D /* Main.storyboard in Resources */,
				14300C8820EF5CF600D75546 /* MobileCell.xib in Resources */,
			);
			runOnlyForDeploymentPostprocessing = 0;
		};
		1478362520EE2D84000FF63D /* Resources */ = {
			isa = PBXResourcesBuildPhase;
			buildActionMask = 2147483647;
			files = (
			);
			runOnlyForDeploymentPostprocessing = 0;
		};
		1478363020EE2D84000FF63D /* Resources */ = {
			isa = PBXResourcesBuildPhase;
			buildActionMask = 2147483647;
			files = (
			);
			runOnlyForDeploymentPostprocessing = 0;
		};
/* End PBXResourcesBuildPhase section */

/* Begin PBXShellScriptBuildPhase section */
		5B3AF302C2C4EC16E94B6017 /* [CP] Check Pods Manifest.lock */ = {
			isa = PBXShellScriptBuildPhase;
			buildActionMask = 2147483647;
			files = (
			);
			inputPaths = (
				"${PODS_PODFILE_DIR_PATH}/Podfile.lock",
				"${PODS_ROOT}/Manifest.lock",
			);
			name = "[CP] Check Pods Manifest.lock";
			outputPaths = (
				"$(DERIVED_FILE_DIR)/Pods-Mobile-buyer-guide-checkManifestLockResult.txt",
			);
			runOnlyForDeploymentPostprocessing = 0;
			shellPath = /bin/sh;
			shellScript = "diff \"${PODS_PODFILE_DIR_PATH}/Podfile.lock\" \"${PODS_ROOT}/Manifest.lock\" > /dev/null\nif [ $? != 0 ] ; then\n    # print error to STDERR\n    echo \"error: The sandbox is not in sync with the Podfile.lock. Run 'pod install' or update your CocoaPods installation.\" >&2\n    exit 1\nfi\n# This output is used by Xcode 'outputs' to avoid re-running this script phase.\necho \"SUCCESS\" > \"${SCRIPT_OUTPUT_FILE_0}\"\n";
			showEnvVarsInLog = 0;
		};
		8766B99BCE5B7F794BB26CBA /* [CP] Embed Pods Frameworks */ = {
			isa = PBXShellScriptBuildPhase;
			buildActionMask = 2147483647;
			files = (
			);
			inputPaths = (
				"${SRCROOT}/Pods/Target Support Files/Pods-Mobile-buyer-guide/Pods-Mobile-buyer-guide-frameworks.sh",
				"${BUILT_PRODUCTS_DIR}/Alamofire/Alamofire.framework",
				"${BUILT_PRODUCTS_DIR}/Realm/Realm.framework",
				"${BUILT_PRODUCTS_DIR}/RealmSwift/RealmSwift.framework",
				"${BUILT_PRODUCTS_DIR}/RxCocoa/RxCocoa.framework",
				"${BUILT_PRODUCTS_DIR}/RxSwift/RxSwift.framework",
				"${BUILT_PRODUCTS_DIR}/SDWebImage/SDWebImage.framework",
				"${BUILT_PRODUCTS_DIR}/SwiftyJSON/SwiftyJSON.framework",
				"${BUILT_PRODUCTS_DIR}/XLPagerTabStrip/XLPagerTabStrip.framework",
			);
			name = "[CP] Embed Pods Frameworks";
			outputPaths = (
				"${TARGET_BUILD_DIR}/${FRAMEWORKS_FOLDER_PATH}/Alamofire.framework",
				"${TARGET_BUILD_DIR}/${FRAMEWORKS_FOLDER_PATH}/Realm.framework",
				"${TARGET_BUILD_DIR}/${FRAMEWORKS_FOLDER_PATH}/RealmSwift.framework",
				"${TARGET_BUILD_DIR}/${FRAMEWORKS_FOLDER_PATH}/RxCocoa.framework",
				"${TARGET_BUILD_DIR}/${FRAMEWORKS_FOLDER_PATH}/RxSwift.framework",
				"${TARGET_BUILD_DIR}/${FRAMEWORKS_FOLDER_PATH}/SDWebImage.framework",
				"${TARGET_BUILD_DIR}/${FRAMEWORKS_FOLDER_PATH}/SwiftyJSON.framework",
				"${TARGET_BUILD_DIR}/${FRAMEWORKS_FOLDER_PATH}/XLPagerTabStrip.framework",
			);
			runOnlyForDeploymentPostprocessing = 0;
			shellPath = /bin/sh;
			shellScript = "\"${SRCROOT}/Pods/Target Support Files/Pods-Mobile-buyer-guide/Pods-Mobile-buyer-guide-frameworks.sh\"\n";
			showEnvVarsInLog = 0;
		};
/* End PBXShellScriptBuildPhase section */

/* Begin PBXSourcesBuildPhase section */
		1478360C20EE2D83000FF63D /* Sources */ = {
			isa = PBXSourcesBuildPhase;
			buildActionMask = 2147483647;
			files = (
				143BE21820EE65C300D0A8FD /* Properties.swift in Sources */,
				14300C9820F1027800D75546 /* AlertController.swift in Sources */,
				1478361C20EE2D83000FF63D /* Mobile_buyer_guide.xcdatamodeld in Sources */,
				14300C8E20EF6B9F00D75546 /* MobileListViewModel.swift in Sources */,
				14300C9420F0C6D100D75546 /* MobileDetailViewController.swift in Sources */,
				14300C8420EF509500D75546 /* FavoriteListViewController.swift in Sources */,
				14300C8B20EF643100D75546 /* MobileCell.swift in Sources */,
				143BE20720EE5E2100D0A8FD /* MobilePhone.swift in Sources */,
				14300C9620F0CC2100D75546 /* MobileDetailViewModel.swift in Sources */,
				14300C9020EF753500D75546 /* FavoriteListViewModel.swift in Sources */,
				1478361420EE2D83000FF63D /* AppDelegate.swift in Sources */,
				14300C8220EF505900D75546 /* MobileListViewController.swift in Sources */,
				143BE21420EE623300D0A8FD /* ConnectionController.swift in Sources */,
				143BE20A20EE610900D0A8FD /* MainViewController.swift in Sources */,
				143BE20D20EE612D00D0A8FD /* MainViewModel.swift in Sources */,
			);
			runOnlyForDeploymentPostprocessing = 0;
		};
		1478362320EE2D84000FF63D /* Sources */ = {
			isa = PBXSourcesBuildPhase;
			buildActionMask = 2147483647;
			files = (
				1478362C20EE2D84000FF63D /* Mobile_buyer_guideTests.swift in Sources */,
			);
			runOnlyForDeploymentPostprocessing = 0;
		};
		1478362E20EE2D84000FF63D /* Sources */ = {
			isa = PBXSourcesBuildPhase;
			buildActionMask = 2147483647;
			files = (
				1478363720EE2D84000FF63D /* Mobile_buyer_guideUITests.swift in Sources */,
			);
			runOnlyForDeploymentPostprocessing = 0;
		};
/* End PBXSourcesBuildPhase section */

/* Begin PBXTargetDependency section */
		1478362920EE2D84000FF63D /* PBXTargetDependency */ = {
			isa = PBXTargetDependency;
			target = 1478360F20EE2D83000FF63D /* Mobile-buyer-guide */;
			targetProxy = 1478362820EE2D84000FF63D /* PBXContainerItemProxy */;
		};
		1478363420EE2D84000FF63D /* PBXTargetDependency */ = {
			isa = PBXTargetDependency;
			target = 1478360F20EE2D83000FF63D /* Mobile-buyer-guide */;
			targetProxy = 1478363320EE2D84000FF63D /* PBXContainerItemProxy */;
		};
/* End PBXTargetDependency section */

/* Begin PBXVariantGroup section */
		1478361720EE2D83000FF63D /* Main.storyboard */ = {
			isa = PBXVariantGroup;
			children = (
				1478361820EE2D83000FF63D /* Base */,
			);
			name = Main.storyboard;
			sourceTree = "<group>";
		};
		1478361F20EE2D84000FF63D /* LaunchScreen.storyboard */ = {
			isa = PBXVariantGroup;
			children = (
				1478362020EE2D84000FF63D /* Base */,
			);
			name = LaunchScreen.storyboard;
			sourceTree = "<group>";
		};
/* End PBXVariantGroup section */

/* Begin XCBuildConfiguration section */
		1478363920EE2D84000FF63D /* Debug */ = {
			isa = XCBuildConfiguration;
			buildSettings = {
				ALWAYS_SEARCH_USER_PATHS = NO;
				CLANG_ANALYZER_NONNULL = YES;
				CLANG_ANALYZER_NUMBER_OBJECT_CONVERSION = YES_AGGRESSIVE;
				CLANG_CXX_LANGUAGE_STANDARD = "gnu++14";
				CLANG_CXX_LIBRARY = "libc++";
				CLANG_ENABLE_MODULES = YES;
				CLANG_ENABLE_OBJC_ARC = YES;
				CLANG_ENABLE_OBJC_WEAK = YES;
				CLANG_WARN_BLOCK_CAPTURE_AUTORELEASING = YES;
				CLANG_WARN_BOOL_CONVERSION = YES;
				CLANG_WARN_COMMA = YES;
				CLANG_WARN_CONSTANT_CONVERSION = YES;
				CLANG_WARN_DEPRECATED_OBJC_IMPLEMENTATIONS = YES;
				CLANG_WARN_DIRECT_OBJC_ISA_USAGE = YES_ERROR;
				CLANG_WARN_DOCUMENTATION_COMMENTS = YES;
				CLANG_WARN_EMPTY_BODY = YES;
				CLANG_WARN_ENUM_CONVERSION = YES;
				CLANG_WARN_INFINITE_RECURSION = YES;
				CLANG_WARN_INT_CONVERSION = YES;
				CLANG_WARN_NON_LITERAL_NULL_CONVERSION = YES;
				CLANG_WARN_OBJC_IMPLICIT_RETAIN_SELF = YES;
				CLANG_WARN_OBJC_LITERAL_CONVERSION = YES;
				CLANG_WARN_OBJC_ROOT_CLASS = YES_ERROR;
				CLANG_WARN_RANGE_LOOP_ANALYSIS = YES;
				CLANG_WARN_STRICT_PROTOTYPES = YES;
				CLANG_WARN_SUSPICIOUS_MOVE = YES;
				CLANG_WARN_UNGUARDED_AVAILABILITY = YES_AGGRESSIVE;
				CLANG_WARN_UNREACHABLE_CODE = YES;
				CLANG_WARN__DUPLICATE_METHOD_MATCH = YES;
				CODE_SIGN_IDENTITY = "iPhone Developer";
				COPY_PHASE_STRIP = NO;
				DEBUG_INFORMATION_FORMAT = dwarf;
				ENABLE_STRICT_OBJC_MSGSEND = YES;
				ENABLE_TESTABILITY = YES;
				GCC_C_LANGUAGE_STANDARD = gnu11;
				GCC_DYNAMIC_NO_PIC = NO;
				GCC_NO_COMMON_BLOCKS = YES;
				GCC_OPTIMIZATION_LEVEL = 0;
				GCC_PREPROCESSOR_DEFINITIONS = (
					"DEBUG=1",
					"$(inherited)",
				);
				GCC_WARN_64_TO_32_BIT_CONVERSION = YES;
				GCC_WARN_ABOUT_RETURN_TYPE = YES_ERROR;
				GCC_WARN_UNDECLARED_SELECTOR = YES;
				GCC_WARN_UNINITIALIZED_AUTOS = YES_AGGRESSIVE;
				GCC_WARN_UNUSED_FUNCTION = YES;
				GCC_WARN_UNUSED_VARIABLE = YES;
				IPHONEOS_DEPLOYMENT_TARGET = 11.3;
				MTL_ENABLE_DEBUG_INFO = YES;
				ONLY_ACTIVE_ARCH = YES;
				SDKROOT = iphoneos;
				SWIFT_ACTIVE_COMPILATION_CONDITIONS = DEBUG;
				SWIFT_OPTIMIZATION_LEVEL = "-Onone";
			};
			name = Debug;
		};
		1478363A20EE2D84000FF63D /* Release */ = {
			isa = XCBuildConfiguration;
			buildSettings = {
				ALWAYS_SEARCH_USER_PATHS = NO;
				CLANG_ANALYZER_NONNULL = YES;
				CLANG_ANALYZER_NUMBER_OBJECT_CONVERSION = YES_AGGRESSIVE;
				CLANG_CXX_LANGUAGE_STANDARD = "gnu++14";
				CLANG_CXX_LIBRARY = "libc++";
				CLANG_ENABLE_MODULES = YES;
				CLANG_ENABLE_OBJC_ARC = YES;
				CLANG_ENABLE_OBJC_WEAK = YES;
				CLANG_WARN_BLOCK_CAPTURE_AUTORELEASING = YES;
				CLANG_WARN_BOOL_CONVERSION = YES;
				CLANG_WARN_COMMA = YES;
				CLANG_WARN_CONSTANT_CONVERSION = YES;
				CLANG_WARN_DEPRECATED_OBJC_IMPLEMENTATIONS = YES;
				CLANG_WARN_DIRECT_OBJC_ISA_USAGE = YES_ERROR;
				CLANG_WARN_DOCUMENTATION_COMMENTS = YES;
				CLANG_WARN_EMPTY_BODY = YES;
				CLANG_WARN_ENUM_CONVERSION = YES;
				CLANG_WARN_INFINITE_RECURSION = YES;
				CLANG_WARN_INT_CONVERSION = YES;
				CLANG_WARN_NON_LITERAL_NULL_CONVERSION = YES;
				CLANG_WARN_OBJC_IMPLICIT_RETAIN_SELF = YES;
				CLANG_WARN_OBJC_LITERAL_CONVERSION = YES;
				CLANG_WARN_OBJC_ROOT_CLASS = YES_ERROR;
				CLANG_WARN_RANGE_LOOP_ANALYSIS = YES;
				CLANG_WARN_STRICT_PROTOTYPES = YES;
				CLANG_WARN_SUSPICIOUS_MOVE = YES;
				CLANG_WARN_UNGUARDED_AVAILABILITY = YES_AGGRESSIVE;
				CLANG_WARN_UNREACHABLE_CODE = YES;
				CLANG_WARN__DUPLICATE_METHOD_MATCH = YES;
				CODE_SIGN_IDENTITY = "iPhone Developer";
				COPY_PHASE_STRIP = NO;
				DEBUG_INFORMATION_FORMAT = "dwarf-with-dsym";
				ENABLE_NS_ASSERTIONS = NO;
				ENABLE_STRICT_OBJC_MSGSEND = YES;
				GCC_C_LANGUAGE_STANDARD = gnu11;
				GCC_NO_COMMON_BLOCKS = YES;
				GCC_WARN_64_TO_32_BIT_CONVERSION = YES;
				GCC_WARN_ABOUT_RETURN_TYPE = YES_ERROR;
				GCC_WARN_UNDECLARED_SELECTOR = YES;
				GCC_WARN_UNINITIALIZED_AUTOS = YES_AGGRESSIVE;
				GCC_WARN_UNUSED_FUNCTION = YES;
				GCC_WARN_UNUSED_VARIABLE = YES;
				IPHONEOS_DEPLOYMENT_TARGET = 11.3;
				MTL_ENABLE_DEBUG_INFO = NO;
				SDKROOT = iphoneos;
				SWIFT_COMPILATION_MODE = wholemodule;
				SWIFT_OPTIMIZATION_LEVEL = "-O";
				VALIDATE_PRODUCT = YES;
			};
			name = Release;
		};
		1478363C20EE2D84000FF63D /* Debug */ = {
			isa = XCBuildConfiguration;
			baseConfigurationReference = 87E51E21C23322BCB95F0F0C /* Pods-Mobile-buyer-guide.debug.xcconfig */;
			buildSettings = {
				ASSETCATALOG_COMPILER_APPICON_NAME = AppIcon;
				CODE_SIGN_STYLE = Automatic;
				DEVELOPMENT_TEAM = NR4FW2832B;
				INFOPLIST_FILE = "Mobile-buyer-guide/Info.plist";
				LD_RUNPATH_SEARCH_PATHS = (
					"$(inherited)",
					"@executable_path/Frameworks",
				);
				PRODUCT_BUNDLE_IDENTIFIER = "com.real0x0000.mobile-buyer-guide.Mobile-buyer-guide";
				PRODUCT_NAME = "$(TARGET_NAME)";
				SWIFT_VERSION = 4.0;
				TARGETED_DEVICE_FAMILY = "1,2";
			};
			name = Debug;
		};
		1478363D20EE2D84000FF63D /* Release */ = {
			isa = XCBuildConfiguration;
			baseConfigurationReference = 546A1D35ADBA98321C14FAF3 /* Pods-Mobile-buyer-guide.release.xcconfig */;
			buildSettings = {
				ASSETCATALOG_COMPILER_APPICON_NAME = AppIcon;
				CODE_SIGN_STYLE = Automatic;
				DEVELOPMENT_TEAM = NR4FW2832B;
				INFOPLIST_FILE = "Mobile-buyer-guide/Info.plist";
				LD_RUNPATH_SEARCH_PATHS = (
					"$(inherited)",
					"@executable_path/Frameworks",
				);
				PRODUCT_BUNDLE_IDENTIFIER = "com.real0x0000.mobile-buyer-guide.Mobile-buyer-guide";
				PRODUCT_NAME = "$(TARGET_NAME)";
				SWIFT_VERSION = 4.0;
				TARGETED_DEVICE_FAMILY = "1,2";
			};
			name = Release;
		};
		1478363F20EE2D84000FF63D /* Debug */ = {
			isa = XCBuildConfiguration;
			buildSettings = {
				ALWAYS_EMBED_SWIFT_STANDARD_LIBRARIES = YES;
				BUNDLE_LOADER = "$(TEST_HOST)";
				CODE_SIGN_STYLE = Automatic;
				DEVELOPMENT_TEAM = NR4FW2832B;
				INFOPLIST_FILE = "Mobile-buyer-guideTests/Info.plist";
				LD_RUNPATH_SEARCH_PATHS = (
					"$(inherited)",
					"@executable_path/Frameworks",
					"@loader_path/Frameworks",
				);
				PRODUCT_BUNDLE_IDENTIFIER = "com.real0x0000.mobile-buyer-guide.Mobile-buyer-guideTests";
				PRODUCT_NAME = "$(TARGET_NAME)";
				SWIFT_VERSION = 4.0;
				TARGETED_DEVICE_FAMILY = "1,2";
				TEST_HOST = "$(BUILT_PRODUCTS_DIR)/Mobile-buyer-guide.app/Mobile-buyer-guide";
			};
			name = Debug;
		};
		1478364020EE2D84000FF63D /* Release */ = {
			isa = XCBuildConfiguration;
			buildSettings = {
				ALWAYS_EMBED_SWIFT_STANDARD_LIBRARIES = YES;
				BUNDLE_LOADER = "$(TEST_HOST)";
				CODE_SIGN_STYLE = Automatic;
				DEVELOPMENT_TEAM = NR4FW2832B;
				INFOPLIST_FILE = "Mobile-buyer-guideTests/Info.plist";
				LD_RUNPATH_SEARCH_PATHS = (
					"$(inherited)",
					"@executable_path/Frameworks",
					"@loader_path/Frameworks",
				);
				PRODUCT_BUNDLE_IDENTIFIER = "com.real0x0000.mobile-buyer-guide.Mobile-buyer-guideTests";
				PRODUCT_NAME = "$(TARGET_NAME)";
				SWIFT_VERSION = 4.0;
				TARGETED_DEVICE_FAMILY = "1,2";
				TEST_HOST = "$(BUILT_PRODUCTS_DIR)/Mobile-buyer-guide.app/Mobile-buyer-guide";
			};
			name = Release;
		};
		1478364220EE2D84000FF63D /* Debug */ = {
			isa = XCBuildConfiguration;
			buildSettings = {
				ALWAYS_EMBED_SWIFT_STANDARD_LIBRARIES = YES;
				CODE_SIGN_STYLE = Automatic;
				DEVELOPMENT_TEAM = NR4FW2832B;
				INFOPLIST_FILE = "Mobile-buyer-guideUITests/Info.plist";
				LD_RUNPATH_SEARCH_PATHS = (
					"$(inherited)",
					"@executable_path/Frameworks",
					"@loader_path/Frameworks",
				);
				PRODUCT_BUNDLE_IDENTIFIER = "com.real0x0000.mobile-buyer-guide.Mobile-buyer-guideUITests";
				PRODUCT_NAME = "$(TARGET_NAME)";
				SWIFT_VERSION = 4.0;
				TARGETED_DEVICE_FAMILY = "1,2";
				TEST_TARGET_NAME = "Mobile-buyer-guide";
			};
			name = Debug;
		};
		1478364320EE2D84000FF63D /* Release */ = {
			isa = XCBuildConfiguration;
			buildSettings = {
				ALWAYS_EMBED_SWIFT_STANDARD_LIBRARIES = YES;
				CODE_SIGN_STYLE = Automatic;
				DEVELOPMENT_TEAM = NR4FW2832B;
				INFOPLIST_FILE = "Mobile-buyer-guideUITests/Info.plist";
				LD_RUNPATH_SEARCH_PATHS = (
					"$(inherited)",
					"@executable_path/Frameworks",
					"@loader_path/Frameworks",
				);
				PRODUCT_BUNDLE_IDENTIFIER = "com.real0x0000.mobile-buyer-guide.Mobile-buyer-guideUITests";
				PRODUCT_NAME = "$(TARGET_NAME)";
				SWIFT_VERSION = 4.0;
				TARGETED_DEVICE_FAMILY = "1,2";
				TEST_TARGET_NAME = "Mobile-buyer-guide";
			};
			name = Release;
		};
/* End XCBuildConfiguration section */

/* Begin XCConfigurationList section */
		1478360B20EE2D83000FF63D /* Build configuration list for PBXProject "Mobile-buyer-guide" */ = {
			isa = XCConfigurationList;
			buildConfigurations = (
				1478363920EE2D84000FF63D /* Debug */,
				1478363A20EE2D84000FF63D /* Release */,
			);
			defaultConfigurationIsVisible = 0;
			defaultConfigurationName = Release;
		};
		1478363B20EE2D84000FF63D /* Build configuration list for PBXNativeTarget "Mobile-buyer-guide" */ = {
			isa = XCConfigurationList;
			buildConfigurations = (
				1478363C20EE2D84000FF63D /* Debug */,
				1478363D20EE2D84000FF63D /* Release */,
			);
			defaultConfigurationIsVisible = 0;
			defaultConfigurationName = Release;
		};
		1478363E20EE2D84000FF63D /* Build configuration list for PBXNativeTarget "Mobile-buyer-guideTests" */ = {
			isa = XCConfigurationList;
			buildConfigurations = (
				1478363F20EE2D84000FF63D /* Debug */,
				1478364020EE2D84000FF63D /* Release */,
			);
			defaultConfigurationIsVisible = 0;
			defaultConfigurationName = Release;
		};
		1478364120EE2D84000FF63D /* Build configuration list for PBXNativeTarget "Mobile-buyer-guideUITests" */ = {
			isa = XCConfigurationList;
			buildConfigurations = (
				1478364220EE2D84000FF63D /* Debug */,
				1478364320EE2D84000FF63D /* Release */,
			);
			defaultConfigurationIsVisible = 0;
			defaultConfigurationName = Release;
		};
/* End XCConfigurationList section */

/* Begin XCVersionGroup section */
		1478361A20EE2D83000FF63D /* Mobile_buyer_guide.xcdatamodeld */ = {
			isa = XCVersionGroup;
			children = (
				1478361B20EE2D83000FF63D /* Mobile_buyer_guide.xcdatamodel */,
			);
			currentVersion = 1478361B20EE2D83000FF63D /* Mobile_buyer_guide.xcdatamodel */;
			path = Mobile_buyer_guide.xcdatamodeld;
			sourceTree = "<group>";
			versionGroupType = wrapper.xcdatamodel;
		};
/* End XCVersionGroup section */
	};
	rootObject = 1478360820EE2D83000FF63D /* Project object */;
}
